
Microsoft Visual Studio Solution File, Format Version 12.00
# Visual Studio Version 16
VisualStudioVersion = 16.0.31105.61
MinimumVisualStudioVersion = 10.0.40219.1
Project("{FAE04EC0-301F-11D3-BF4B-00C04F79EFBC}") = "QL_BanHang", "QL_BanHang\QL_BanHang.csproj", "{A3DDFF1D-8D55-4180-909F-ECA4554B0DD0}"
EndProject
Global
	GlobalSection(SolutionConfigurationPlatforms) = preSolution
		Debug|Any CPU = Debug|Any CPU
		Release|Any CPU = Release|Any CPU
	EndGlobalSection
	GlobalSection(ProjectConfigurationPlatforms) = postSolution
		{A3DDFF1D-8D55-4180-909F-ECA4554B0DD0}.Debug|Any CPU.ActiveCfg = Debug|Any CPU
		{A3DDFF1D-8D55-4180-909F-ECA4554B0DD0}.Debug|Any CPU.Build.0 = Debug|Any CPU
		{A3DDFF1D-8D55-4180-909F-ECA4554B0DD0}.Release|Any CPU.ActiveCfg = Release|Any CPU
		{A3DDFF1D-8D55-4180-909F-ECA4554B0DD0}.Release|Any CPU.Build.0 = Release|Any CPU
	EndGlobalSection
	GlobalSection(SolutionProperties) = preSolution
		HideSolutionNode = FALSE
	EndGlobalSection
	GlobalSection(ExtensibilityGlobals) = postSolution
		SolutionGuid = {DB34417F-9BF3-4791-ABF9-EDD9017A0533}
	EndGlobalSection
EndGlobal
